
Microsoft Visual Studio Solution File, Format Version 12.00
# Visual Studio 14
VisualStudioVersion = 14.0.25420.1
MinimumVisualStudioVersion = 10.0.40219.1
Project("{FAE04EC0-301F-11D3-BF4B-00C04F79EFBC}") = "chapter1", "chapter1\chapter1.csproj", "{459EC99F-563F-4740-BE4D-791FCD45A7EE}"
EndProject
Project("{FAE04EC0-301F-11D3-BF4B-00C04F79EFBC}") = "chapter2", "chapter2\chapter2.csproj", "{F1D7773E-0BD4-4BF8-B369-41D61E6398BA}"
EndProject
Project("{FAE04EC0-301F-11D3-BF4B-00C04F79EFBC}") = "chapter3", "chapter3\chapter3.csproj", "{66428AA3-5B9E-45C9-8797-D72A7714A592}"
EndProject
Global
	GlobalSection(SolutionConfigurationPlatforms) = preSolution
		Debug|Any CPU = Debug|Any CPU
		Release|Any CPU = Release|Any CPU
	EndGlobalSection
	GlobalSection(ProjectConfigurationPlatforms) = postSolution
		{459EC99F-563F-4740-BE4D-791FCD45A7EE}.Debug|Any CPU.ActiveCfg = Debug|Any CPU
		{459EC99F-563F-4740-BE4D-791FCD45A7EE}.Debug|Any CPU.Build.0 = Debug|Any CPU
		{459EC99F-563F-4740-BE4D-791FCD45A7EE}.Release|Any CPU.ActiveCfg = Release|Any CPU
		{459EC99F-563F-4740-BE4D-791FCD45A7EE}.Release|Any CPU.Build.0 = Release|Any CPU
		{F1D7773E-0BD4-4BF8-B369-41D61E6398BA}.Debug|Any CPU.ActiveCfg = Debug|Any CPU
		{F1D7773E-0BD4-4BF8-B369-41D61E6398BA}.Debug|Any CPU.Build.0 = Debug|Any CPU
		{F1D7773E-0BD4-4BF8-B369-41D61E6398BA}.Release|Any CPU.ActiveCfg = Release|Any CPU
		{F1D7773E-0BD4-4BF8-B369-41D61E6398BA}.Release|Any CPU.Build.0 = Release|Any CPU
		{66428AA3-5B9E-45C9-8797-D72A7714A592}.Debug|Any CPU.ActiveCfg = Debug|Any CPU
		{66428AA3-5B9E-45C9-8797-D72A7714A592}.Debug|Any CPU.Build.0 = Debug|Any CPU
		{66428AA3-5B9E-45C9-8797-D72A7714A592}.Release|Any CPU.ActiveCfg = Release|Any CPU
		{66428AA3-5B9E-45C9-8797-D72A7714A592}.Release|Any CPU.Build.0 = Release|Any CPU
	EndGlobalSection
	GlobalSection(SolutionProperties) = preSolution
		HideSolutionNode = FALSE
	EndGlobalSection
EndGlobal
